{
  "name": "MernStack_AmazonClone",
  "lockfileVersion": 2,
  "requires": true,
  "packages": {
    "": {
      "dependencies": {
        "otp-generator": "^4.0.1"
      }
    },
    "node_modules/otp-generator": {
      "version": "4.0.1",
      "resolved": "https://registry.npmjs.org/otp-generator/-/otp-generator-4.0.1.tgz",
      "integrity": "sha512-2TJ52vUftA0+J3eque4wwVtpaL4/NdIXDL0gFWFJFVUAZwAN7+9tltMhL7GCNYaHJtuONoier8Hayyj4HLbSag==",
      "engines": {
        "node": ">=14.10.0"
      }
    }
  },
  "dependencies": {
    "otp-generator": {
      "version": "4.0.1",
      "resolved": "https://registry.npmjs.org/otp-generator/-/otp-generator-4.0.1.tgz",
      "integrity": "sha512-2TJ52vUftA0+J3eque4wwVtpaL4/NdIXDL0gFWFJFVUAZwAN7+9tltMhL7GCNYaHJtuONoier8Hayyj4HLbSag=="
    }
  }
}
